dependencies:
  espressif/esp-lib-utils:
    component_hash: 49b70408100644ccd1b50d326c1068fe1de364744dda30e627218a0c1e2439be
    dependencies:
    - name: idf
      require: private
      version: '>=5.1'
    source:
      registry_url: https://components.espressif.com/
      type: service
    version: 0.1.2
  espressif/mdns:
    component_hash: 4e21149422be01c24d4b1d4dec64fa07d136d8c5d234e931f3ebf375cbde51a0
    dependencies:
    - name: idf
      require: private
      version: '>=5.0'
    source:
      registry_url: https://components.espressif.com/
      type: service
    version: 1.5.2
  idf:
    source:
      type: idf
    version: 5.3.0
direct_dependencies:
- espressif/esp-lib-utils
- espressif/mdns
- idf
manifest_hash: d8b2cdbff081a8732e80a5445ec3f1597ab4074869eb659fa467f078a9e4334f
target: esp32
version: 2.0.0
